
Microsoft Visual Studio Solution File, Format Version 11.00
# Visual Studio 2010
Project("{FAE04EC0-301F-11D3-BF4B-00C04F79EFBC}") = "AzureAcres", "AzureAcres\AzureAcres\AzureAcres.csproj", "{047D1FC0-4441-4C5D-B81F-F9EAE57CA1B6}"
EndProject
Project("{FAE04EC0-301F-11D3-BF4B-00C04F79EFBC}") = "AzureAcresContent", "AzureAcres\AzureAcresContent\AzureAcresContent.contentproj", "{A67C749C-98E6-4DFC-AA24-3EC53DFFC346}"
EndProject
Project("{FAE04EC0-301F-11D3-BF4B-00C04F79EFBC}") = "AzureAcresData", "AzureAcresData\AzureAcresData.csproj", "{2D5C0637-F8F6-4CC0-994E-F3EE86B6926E}"
EndProject
Project("{FAE04EC0-301F-11D3-BF4B-00C04F79EFBC}") = "AzureAcresProcessors", "AzureAcresProcessors\AzureAcresProcessors.csproj", "{BAF5FC5C-41BE-4B86-9C8E-0FEF722EB771}"
EndProject
Project("{FAE04EC0-301F-11D3-BF4B-00C04F79EFBC}") = "AzureAcresMapEditor", "AzureAcresMapEditor\AzureAcresMapEditor.csproj", "{49C9C7F8-65F3-4CB7-8A03-1958FB499389}"
EndProject
Global
	GlobalSection(SolutionConfigurationPlatforms) = preSolution
		Debug|x86 = Debug|x86
		Release|x86 = Release|x86
	EndGlobalSection
	GlobalSection(ProjectConfigurationPlatforms) = postSolution
		{047D1FC0-4441-4C5D-B81F-F9EAE57CA1B6}.Debug|x86.ActiveCfg = Debug|x86
		{047D1FC0-4441-4C5D-B81F-F9EAE57CA1B6}.Debug|x86.Build.0 = Debug|x86
		{047D1FC0-4441-4C5D-B81F-F9EAE57CA1B6}.Release|x86.ActiveCfg = Release|x86
		{047D1FC0-4441-4C5D-B81F-F9EAE57CA1B6}.Release|x86.Build.0 = Release|x86
		{A67C749C-98E6-4DFC-AA24-3EC53DFFC346}.Debug|x86.ActiveCfg = Debug|x86
		{A67C749C-98E6-4DFC-AA24-3EC53DFFC346}.Release|x86.ActiveCfg = Release|x86
		{2D5C0637-F8F6-4CC0-994E-F3EE86B6926E}.Debug|x86.ActiveCfg = Debug|x86
		{2D5C0637-F8F6-4CC0-994E-F3EE86B6926E}.Debug|x86.Build.0 = Debug|x86
		{2D5C0637-F8F6-4CC0-994E-F3EE86B6926E}.Release|x86.ActiveCfg = Release|x86
		{2D5C0637-F8F6-4CC0-994E-F3EE86B6926E}.Release|x86.Build.0 = Release|x86
		{BAF5FC5C-41BE-4B86-9C8E-0FEF722EB771}.Debug|x86.ActiveCfg = Debug|x86
		{BAF5FC5C-41BE-4B86-9C8E-0FEF722EB771}.Debug|x86.Build.0 = Debug|x86
		{BAF5FC5C-41BE-4B86-9C8E-0FEF722EB771}.Release|x86.ActiveCfg = Release|x86
		{BAF5FC5C-41BE-4B86-9C8E-0FEF722EB771}.Release|x86.Build.0 = Release|x86
		{49C9C7F8-65F3-4CB7-8A03-1958FB499389}.Debug|x86.ActiveCfg = Debug|x86
		{49C9C7F8-65F3-4CB7-8A03-1958FB499389}.Debug|x86.Build.0 = Debug|x86
		{49C9C7F8-65F3-4CB7-8A03-1958FB499389}.Release|x86.ActiveCfg = Release|x86
		{49C9C7F8-65F3-4CB7-8A03-1958FB499389}.Release|x86.Build.0 = Release|x86
	EndGlobalSection
	GlobalSection(SolutionProperties) = preSolution
		HideSolutionNode = FALSE
	EndGlobalSection
EndGlobal
